
Microsoft Visual Studio Solution File, Format Version 12.00
# Visual Studio 15
VisualStudioVersion = 15.0.28307.136
MinimumVisualStudioVersion = 10.0.40219.1
Project("{FAE04EC0-301F-11D3-BF4B-00C04F79EFBC}") = "Control2", "Control2\Control2.csproj", "{F22CEFBB-11D8-44FC-B4B5-7A1E3CBBA081}"
EndProject
Project("{FAE04EC0-301F-11D3-BF4B-00C04F79EFBC}") = "CrossZeroTest", "CrossZeroTest\CrossZeroTest.csproj", "{EFF6CD2D-3078-4792-8AC0-79DD08973AEA}"
EndProject
Global
	GlobalSection(SolutionConfigurationPlatforms) = preSolution
		Debug|Any CPU = Debug|Any CPU
		Release|Any CPU = Release|Any CPU
	EndGlobalSection
	GlobalSection(ProjectConfigurationPlatforms) = postSolution
		{F22CEFBB-11D8-44FC-B4B5-7A1E3CBBA081}.Debug|Any CPU.ActiveCfg = Debug|Any CPU
		{F22CEFBB-11D8-44FC-B4B5-7A1E3CBBA081}.Debug|Any CPU.Build.0 = Debug|Any CPU
		{F22CEFBB-11D8-44FC-B4B5-7A1E3CBBA081}.Release|Any CPU.ActiveCfg = Release|Any CPU
		{F22CEFBB-11D8-44FC-B4B5-7A1E3CBBA081}.Release|Any CPU.Build.0 = Release|Any CPU
		{EFF6CD2D-3078-4792-8AC0-79DD08973AEA}.Debug|Any CPU.ActiveCfg = Debug|Any CPU
		{EFF6CD2D-3078-4792-8AC0-79DD08973AEA}.Debug|Any CPU.Build.0 = Debug|Any CPU
		{EFF6CD2D-3078-4792-8AC0-79DD08973AEA}.Release|Any CPU.ActiveCfg = Release|Any CPU
		{EFF6CD2D-3078-4792-8AC0-79DD08973AEA}.Release|Any CPU.Build.0 = Release|Any CPU
	EndGlobalSection
	GlobalSection(SolutionProperties) = preSolution
		HideSolutionNode = FALSE
	EndGlobalSection
	GlobalSection(ExtensibilityGlobals) = postSolution
		SolutionGuid = {7CD4AE56-904E-46BC-9BFF-4951EEE6050E}
	EndGlobalSection
EndGlobal
