
Microsoft Visual Studio Solution File, Format Version 12.00
# Visual Studio 15
VisualStudioVersion = 15.0.28307.572
MinimumVisualStudioVersion = 10.0.40219.1
Project("{F2A71F9B-5D33-465A-A702-920D77279786}") = "Exercise 6", "Exercise 6\Exercise 6.fsproj", "{3B4207E5-977D-4745-9DAD-1F154B6F6AEC}"
EndProject
Project("{F2A71F9B-5D33-465A-A702-920D77279786}") = "Exercise 6.Test", "Exercise 6.Test\Exercise 6.Test.fsproj", "{B6AB4BEB-AA2E-4B55-BD16-2ADFB7D56C33}"
EndProject
Global
	GlobalSection(SolutionConfigurationPlatforms) = preSolution
		Debug|Any CPU = Debug|Any CPU
		Release|Any CPU = Release|Any CPU
	EndGlobalSection
	GlobalSection(ProjectConfigurationPlatforms) = postSolution
		{3B4207E5-977D-4745-9DAD-1F154B6F6AEC}.Debug|Any CPU.ActiveCfg = Debug|Any CPU
		{3B4207E5-977D-4745-9DAD-1F154B6F6AEC}.Debug|Any CPU.Build.0 = Debug|Any CPU
		{3B4207E5-977D-4745-9DAD-1F154B6F6AEC}.Release|Any CPU.ActiveCfg = Release|Any CPU
		{3B4207E5-977D-4745-9DAD-1F154B6F6AEC}.Release|Any CPU.Build.0 = Release|Any CPU
		{B6AB4BEB-AA2E-4B55-BD16-2ADFB7D56C33}.Debug|Any CPU.ActiveCfg = Debug|Any CPU
		{B6AB4BEB-AA2E-4B55-BD16-2ADFB7D56C33}.Debug|Any CPU.Build.0 = Debug|Any CPU
		{B6AB4BEB-AA2E-4B55-BD16-2ADFB7D56C33}.Release|Any CPU.ActiveCfg = Release|Any CPU
		{B6AB4BEB-AA2E-4B55-BD16-2ADFB7D56C33}.Release|Any CPU.Build.0 = Release|Any CPU
	EndGlobalSection
	GlobalSection(SolutionProperties) = preSolution
		HideSolutionNode = FALSE
	EndGlobalSection
	GlobalSection(ExtensibilityGlobals) = postSolution
		SolutionGuid = {E89A22D6-0F73-4B4C-BB17-B687283730DE}
	EndGlobalSection
EndGlobal
