
Microsoft Visual Studio Solution File, Format Version 12.00
# Visual Studio 15
VisualStudioVersion = 15.0.28307.136
MinimumVisualStudioVersion = 10.0.40219.1
Project("{FAE04EC0-301F-11D3-BF4B-00C04F79EFBC}") = "ClassLibrary1", "ClassLibrary1\ClassLibrary1.csproj", "{F691F040-613E-4297-AA8B-38E3B468C810}"
EndProject
Global
	GlobalSection(SolutionConfigurationPlatforms) = preSolution
		Debug|Any CPU = Debug|Any CPU
		Release|Any CPU = Release|Any CPU
	EndGlobalSection
	GlobalSection(ProjectConfigurationPlatforms) = postSolution
		{F691F040-613E-4297-AA8B-38E3B468C810}.Debug|Any CPU.ActiveCfg = Debug|Any CPU
		{F691F040-613E-4297-AA8B-38E3B468C810}.Debug|Any CPU.Build.0 = Debug|Any CPU
		{F691F040-613E-4297-AA8B-38E3B468C810}.Release|Any CPU.ActiveCfg = Release|Any CPU
		{F691F040-613E-4297-AA8B-38E3B468C810}.Release|Any CPU.Build.0 = Release|Any CPU
	EndGlobalSection
	GlobalSection(SolutionProperties) = preSolution
		HideSolutionNode = FALSE
	EndGlobalSection
	GlobalSection(ExtensibilityGlobals) = postSolution
		SolutionGuid = {ACFC5606-1C04-4649-A79B-49160DB27499}
	EndGlobalSection
EndGlobal
