
Microsoft Visual Studio Solution File, Format Version 12.00
# Visual Studio 15
VisualStudioVersion = 15.0.28307.489
MinimumVisualStudioVersion = 10.0.40219.1
Project("{F2A71F9B-5D33-465A-A702-920D77279786}") = "Control1", "Control1\Control1.fsproj", "{70211FAB-4290-4C23-9EE1-67EBF3250627}"
EndProject
Project("{F2A71F9B-5D33-465A-A702-920D77279786}") = "Control1.Test", "Control1.Test\Control1.Test.fsproj", "{17A71045-FB31-4571-B00E-275606543449}"
EndProject
Global
	GlobalSection(SolutionConfigurationPlatforms) = preSolution
		Debug|Any CPU = Debug|Any CPU
		Release|Any CPU = Release|Any CPU
	EndGlobalSection
	GlobalSection(ProjectConfigurationPlatforms) = postSolution
		{70211FAB-4290-4C23-9EE1-67EBF3250627}.Debug|Any CPU.ActiveCfg = Debug|Any CPU
		{70211FAB-4290-4C23-9EE1-67EBF3250627}.Debug|Any CPU.Build.0 = Debug|Any CPU
		{70211FAB-4290-4C23-9EE1-67EBF3250627}.Release|Any CPU.ActiveCfg = Release|Any CPU
		{70211FAB-4290-4C23-9EE1-67EBF3250627}.Release|Any CPU.Build.0 = Release|Any CPU
		{17A71045-FB31-4571-B00E-275606543449}.Debug|Any CPU.ActiveCfg = Debug|Any CPU
		{17A71045-FB31-4571-B00E-275606543449}.Debug|Any CPU.Build.0 = Debug|Any CPU
		{17A71045-FB31-4571-B00E-275606543449}.Release|Any CPU.ActiveCfg = Release|Any CPU
		{17A71045-FB31-4571-B00E-275606543449}.Release|Any CPU.Build.0 = Release|Any CPU
	EndGlobalSection
	GlobalSection(SolutionProperties) = preSolution
		HideSolutionNode = FALSE
	EndGlobalSection
	GlobalSection(ExtensibilityGlobals) = postSolution
		SolutionGuid = {72AA53BA-1849-4163-A5CA-3D9389E367BA}
	EndGlobalSection
EndGlobal
