
Microsoft Visual Studio Solution File, Format Version 12.00
# Visual Studio 15
VisualStudioVersion = 15.0.28307.572
MinimumVisualStudioVersion = 10.0.40219.1
Project("{F2A71F9B-5D33-465A-A702-920D77279786}") = "Control 3", "Control 3\Control 3.fsproj", "{339BAFD6-7EED-441E-8717-C1B606B88C74}"
EndProject
Project("{F2A71F9B-5D33-465A-A702-920D77279786}") = "Control 3.Test", "Control 3.Test\Control 3.Test.fsproj", "{885C32EB-7DFC-43F1-BE2D-937D402BDCCB}"
EndProject
Global
	GlobalSection(SolutionConfigurationPlatforms) = preSolution
		Debug|Any CPU = Debug|Any CPU
		Release|Any CPU = Release|Any CPU
	EndGlobalSection
	GlobalSection(ProjectConfigurationPlatforms) = postSolution
		{339BAFD6-7EED-441E-8717-C1B606B88C74}.Debug|Any CPU.ActiveCfg = Debug|Any CPU
		{339BAFD6-7EED-441E-8717-C1B606B88C74}.Debug|Any CPU.Build.0 = Debug|Any CPU
		{339BAFD6-7EED-441E-8717-C1B606B88C74}.Release|Any CPU.ActiveCfg = Release|Any CPU
		{339BAFD6-7EED-441E-8717-C1B606B88C74}.Release|Any CPU.Build.0 = Release|Any CPU
		{885C32EB-7DFC-43F1-BE2D-937D402BDCCB}.Debug|Any CPU.ActiveCfg = Debug|Any CPU
		{885C32EB-7DFC-43F1-BE2D-937D402BDCCB}.Debug|Any CPU.Build.0 = Debug|Any CPU
		{885C32EB-7DFC-43F1-BE2D-937D402BDCCB}.Release|Any CPU.ActiveCfg = Release|Any CPU
		{885C32EB-7DFC-43F1-BE2D-937D402BDCCB}.Release|Any CPU.Build.0 = Release|Any CPU
	EndGlobalSection
	GlobalSection(SolutionProperties) = preSolution
		HideSolutionNode = FALSE
	EndGlobalSection
	GlobalSection(ExtensibilityGlobals) = postSolution
		SolutionGuid = {B18A8FD7-7C97-44A2-BB62-3E8C9ED566DF}
	EndGlobalSection
EndGlobal
